{
    "_meta": {
        "hash": {
            "sha256": "ee844aec9574803b5cb79cb630e154fe730c289538b395c3bd51038eff6e0ae7"
        },
        "pipfile-spec": 6,
        "requires": {
            "python_version": "3.9.5"
        },
        "sources": [
            {
                "name": "pypi",
                "url": "https://pypi.org/simple",
                "verify_ssl": true
            }
        ]
    },
    "default": {
        "paho-mqtt": {
            "hashes": [
                "sha256:2a8291c81623aec00372b5a85558a372c747cbca8e9934dfe218638b8eefc26f"
            ],
            "index": "pypi",
            "version": "==1.6.1"
        }
    },
    "develop": {}
}
